<?xml version="1.0" encoding="UTF-8" standalone="yes" ?>
<CodeBlocks_project_file>
	<FileVersion major="1" minor="6" />
	<Project>
		<Option title="Codeblocks console runner w/ MPI" />
		<Option pch_mode="2" />
		<Option compiler="gcc" />
		<Build>
			<Target title="Debug">
				<Option output="./cb_console_runner_dbg" prefix_auto="1" extension_auto="1" />
				<Option object_output="obj/Debug/" />
				<Option type="1" />
				<Option compiler="gcc" />
				<Compiler>
					<Add option="-Wshadow" />
					<Add option="-Wcast-align" />
					<Add option="-Wundef" />
					<Add option="-Wfloat-equal" />
					<Add option="-Wswitch-enum" />
					<Add option="-Wswitch-default" />
					<Add option="-Wmain" />
					<Add option="-pedantic" />
					<Add option="-Wextra" />
					<Add option="-Wall" />
					<Add option="-Og" />
					<Add option="-g" />
				</Compiler>
			</Target>
			<Target title="Release-ser">
				<Option output="./cb_console_runner_ser" prefix_auto="1" extension_auto="1" />
				<Option object_output="obj/Release-ser/" />
				<Option type="1" />
				<Option compiler="gcc" />
				<Compiler>
					<Add option="-O2" />
					<Add option="-Wall" />
				</Compiler>
				<Linker>
					<Add option="-s" />
				</Linker>
			</Target>
			<Target title="Release-mpi">
				<Option output="./cb_console_runner" prefix_auto="1" extension_auto="1" />
				<Option object_output="obj/Release-mpi/" />
				<Option type="1" />
				<Option compiler="gcc" />
				<Compiler>
					<Add option="-O2" />
					<Add option="-Wall" />
					<Add option="-DMPI_ENABLED" />
				</Compiler>
				<Linker>
					<Add option="-s" />
				</Linker>
			</Target>
		</Build>
		<VirtualTargets>
			<Add alias="All" targets="Debug;Release-ser;Release-mpi;" />
		</VirtualTargets>
		<Compiler>
			<Add option="-Wall" />
			<Add option="-D__WXMSW__" />
		</Compiler>
		<Unit filename="main_mpi.cpp" />
		<Extensions />
	</Project>
</CodeBlocks_project_file>
